// !$*UTF8*$!
{
	archiveVersion = 1;
	classes = {
	};
	objectVersion = 46;
	objects = {

/* Begin PBXBuildFile section */
		0FB613241DA2DBE200964E8F /* Realm+Extensions.swift in Sources */ = {isa = PBXBuildFile; fileRef = 0FB613231DA2DBE200964E8F /* Realm+Extensions.swift */; };
		0FB613271DA2DF7F00964E8F /* DataFetcher.swift in Sources */ = {isa = PBXBuildFile; fileRef = 0FB613261DA2DF7F00964E8F /* DataFetcher.swift */; };
		0FB613291DA2F97A00964E8F /* NSDate+Extensions.swift in Sources */ = {isa = PBXBuildFile; fileRef = 0FB613281DA2F97A00964E8F /* NSDate+Extensions.swift */; };
		0FD003111DA1968C004880D1 /* Assets.xcassets in Resources */ = {isa = PBXBuildFile; fileRef = 0FD003101DA1968C004880D1 /* Assets.xcassets */; };
		0FD003141DA1968C004880D1 /* LaunchScreen.storyboard in Resources */ = {isa = PBXBuildFile; fileRef = 0FD003121DA1968C004880D1 /* LaunchScreen.storyboard */; };
		0FD003201DA19CC0004880D1 /* Storyboards.swift in Sources */ = {isa = PBXBuildFile; fileRef = 0FD0031F1DA19CC0004880D1 /* Storyboards.swift */; };
		0FD003221DA19D71004880D1 /* Localizable.strings in Resources */ = {isa = PBXBuildFile; fileRef = 0FD003211DA19D71004880D1 /* Localizable.strings */; };
		0FD003241DA19E40004880D1 /* L10n.swift in Sources */ = {isa = PBXBuildFile; fileRef = 0FD003231DA19E40004880D1 /* L10n.swift */; };
		0FD003261DA19EE3004880D1 /* Images.swift in Sources */ = {isa = PBXBuildFile; fileRef = 0FD003251DA19EE3004880D1 /* Images.swift */; };
		0FD003281DA19F05004880D1 /* Colors.swift in Sources */ = {isa = PBXBuildFile; fileRef = 0FD003271DA19F05004880D1 /* Colors.swift */; };
		0FD0032A1DA19F47004880D1 /* Colors.txt in Resources */ = {isa = PBXBuildFile; fileRef = 0FD003291DA19F47004880D1 /* Colors.txt */; };
		0FD003341DA1AF80004880D1 /* Main.storyboard in Resources */ = {isa = PBXBuildFile; fileRef = 0FD003321DA1AF80004880D1 /* Main.storyboard */; };
		0FD003351DA1AF80004880D1 /* ViewController.swift in Sources */ = {isa = PBXBuildFile; fileRef = 0FD003331DA1AF80004880D1 /* ViewController.swift */; };
		0FD003371DA1AFBE004880D1 /* AppDelegate.swift in Sources */ = {isa = PBXBuildFile; fileRef = 0FD003361DA1AFBE004880D1 /* AppDelegate.swift */; };
		0FD0033E1DA1AFEC004880D1 /* City.swift in Sources */ = {isa = PBXBuildFile; fileRef = 0FD003381DA1AFEC004880D1 /* City.swift */; };
		0FD0033F1DA1AFEC004880D1 /* Forecast.swift in Sources */ = {isa = PBXBuildFile; fileRef = 0FD003391DA1AFEC004880D1 /* Forecast.swift */; };
		0FD003401DA1AFEC004880D1 /* List.swift in Sources */ = {isa = PBXBuildFile; fileRef = 0FD0033A1DA1AFEC004880D1 /* List.swift */; };
		0FD003411DA1AFEC004880D1 /* Main.swift in Sources */ = {isa = PBXBuildFile; fileRef = 0FD0033B1DA1AFEC004880D1 /* Main.swift */; };
		0FD003421DA1AFEC004880D1 /* Weather.swift in Sources */ = {isa = PBXBuildFile; fileRef = 0FD0033C1DA1AFEC004880D1 /* Weather.swift */; };
		0FD003431DA1AFEC004880D1 /* Wind.swift in Sources */ = {isa = PBXBuildFile; fileRef = 0FD0033D1DA1AFEC004880D1 /* Wind.swift */; };
		0FD003461DA1B03C004880D1 /* WeatherServices.swift in Sources */ = {isa = PBXBuildFile; fileRef = 0FD003451DA1B03C004880D1 /* WeatherServices.swift */; };
		52F4399A9EA9FB0ACC194D4A /* Pods_weather.framework in Frameworks */ = {isa = PBXBuildFile; fileRef = 2594B1E8672A46A08FA1DD79 /* Pods_weather.framework */; };
/* End PBXBuildFile section */

/* Begin PBXFileReference section */
		0FB613231DA2DBE200964E8F /* Realm+Extensions.swift */ = {isa = PBXFileReference; fileEncoding = 4; lastKnownFileType = sourcecode.swift; name = "Realm+Extensions.swift"; path = "Code/Extensions/Realm+Extensions.swift"; sourceTree = "<group>"; };
		0FB613261DA2DF7F00964E8F /* DataFetcher.swift */ = {isa = PBXFileReference; fileEncoding = 4; lastKnownFileType = sourcecode.swift; name = DataFetcher.swift; path = Code/MVVM/DataFetcher.swift; sourceTree = "<group>"; };
		0FB613281DA2F97A00964E8F /* NSDate+Extensions.swift */ = {isa = PBXFileReference; fileEncoding = 4; lastKnownFileType = sourcecode.swift; name = "NSDate+Extensions.swift"; path = "Code/Extensions/NSDate+Extensions.swift"; sourceTree = "<group>"; };
		0FD003061DA1968C004880D1 /* weather.app */ = {isa = PBXFileReference; explicitFileType = wrapper.application; includeInIndex = 0; path = weather.app; sourceTree = BUILT_PRODUCTS_DIR; };
		0FD003101DA1968C004880D1 /* Assets.xcassets */ = {isa = PBXFileReference; lastKnownFileType = folder.assetcatalog; path = Assets.xcassets; sourceTree = "<group>"; };
		0FD003131DA1968C004880D1 /* Base */ = {isa = PBXFileReference; lastKnownFileType = file.storyboard; name = Base; path = Base.lproj/LaunchScreen.storyboard; sourceTree = "<group>"; };
		0FD003151DA1968C004880D1 /* Info.plist */ = {isa = PBXFileReference; lastKnownFileType = text.plist.xml; path = Info.plist; sourceTree = "<group>"; };
		0FD0031F1DA19CC0004880D1 /* Storyboards.swift */ = {isa = PBXFileReference; fileEncoding = 4; lastKnownFileType = sourcecode.swift; path = Storyboards.swift; sourceTree = "<group>"; };
		0FD003211DA19D71004880D1 /* Localizable.strings */ = {isa = PBXFileReference; fileEncoding = 4; lastKnownFileType = text.plist.strings; name = Localizable.strings; path = Ressources/Localizable.strings; sourceTree = "<group>"; };
		0FD003231DA19E40004880D1 /* L10n.swift */ = {isa = PBXFileReference; fileEncoding = 4; lastKnownFileType = sourcecode.swift; path = L10n.swift; sourceTree = "<group>"; };
		0FD003251DA19EE3004880D1 /* Images.swift */ = {isa = PBXFileReference; fileEncoding = 4; lastKnownFileType = sourcecode.swift; path = Images.swift; sourceTree = "<group>"; };
		0FD003271DA19F05004880D1 /* Colors.swift */ = {isa = PBXFileReference; fileEncoding = 4; lastKnownFileType = sourcecode.swift; path = Colors.swift; sourceTree = "<group>"; };
		0FD003291DA19F47004880D1 /* Colors.txt */ = {isa = PBXFileReference; fileEncoding = 4; lastKnownFileType = text; name = Colors.txt; path = Ressources/Colors.txt; sourceTree = "<group>"; };
		0FD003321DA1AF80004880D1 /* Main.storyboard */ = {isa = PBXFileReference; fileEncoding = 4; lastKnownFileType = file.storyboard; name = Main.storyboard; path = Home/Main.storyboard; sourceTree = "<group>"; };
		0FD003331DA1AF80004880D1 /* ViewController.swift */ = {isa = PBXFileReference; fileEncoding = 4; lastKnownFileType = sourcecode.swift; name = ViewController.swift; path = Home/ViewController.swift; sourceTree = "<group>"; };
		0FD003361DA1AFBE004880D1 /* AppDelegate.swift */ = {isa = PBXFileReference; fileEncoding = 4; lastKnownFileType = sourcecode.swift; name = AppDelegate.swift; path = Code/AppDelegate.swift; sourceTree = "<group>"; };
		0FD003381DA1AFEC004880D1 /* City.swift */ = {isa = PBXFileReference; fileEncoding = 4; lastKnownFileType = sourcecode.swift; name = City.swift; path = Code/Models/City.swift; sourceTree = "<group>"; };
		0FD003391DA1AFEC004880D1 /* Forecast.swift */ = {isa = PBXFileReference; fileEncoding = 4; lastKnownFileType = sourcecode.swift; name = Forecast.swift; path = Code/Models/Forecast.swift; sourceTree = "<group>"; };
		0FD0033A1DA1AFEC004880D1 /* List.swift */ = {isa = PBXFileReference; fileEncoding = 4; lastKnownFileType = sourcecode.swift; name = List.swift; path = Code/Models/List.swift; sourceTree = "<group>"; };
		0FD0033B1DA1AFEC004880D1 /* Main.swift */ = {isa = PBXFileReference; fileEncoding = 4; lastKnownFileType = sourcecode.swift; name = Main.swift; path = Code/Models/Main.swift; sourceTree = "<group>"; };
		0FD0033C1DA1AFEC004880D1 /* Weather.swift */ = {isa = PBXFileReference; fileEncoding = 4; lastKnownFileType = sourcecode.swift; name = Weather.swift; path = Code/Models/Weather.swift; sourceTree = "<group>"; };
		0FD0033D1DA1AFEC004880D1 /* Wind.swift */ = {isa = PBXFileReference; fileEncoding = 4; lastKnownFileType = sourcecode.swift; name = Wind.swift; path = Code/Models/Wind.swift; sourceTree = "<group>"; };
		0FD003451DA1B03C004880D1 /* WeatherServices.swift */ = {isa = PBXFileReference; fileEncoding = 4; lastKnownFileType = sourcecode.swift; name = WeatherServices.swift; path = Code/Services/WeatherServices.swift; sourceTree = "<group>"; };
		2594B1E8672A46A08FA1DD79 /* Pods_weather.framework */ = {isa = PBXFileReference; explicitFileType = wrapper.framework; includeInIndex = 0; path = Pods_weather.framework; sourceTree = BUILT_PRODUCTS_DIR; };
		2828AD8EE5C15124CAAEE4DC /* Pods-weather.debug.xcconfig */ = {isa = PBXFileReference; includeInIndex = 1; lastKnownFileType = text.xcconfig; name = "Pods-weather.debug.xcconfig"; path = "Pods/Target Support Files/Pods-weather/Pods-weather.debug.xcconfig"; sourceTree = "<group>"; };
		E13FF16CA74B0666503E38B3 /* Pods-weather.release.xcconfig */ = {isa = PBXFileReference; includeInIndex = 1; lastKnownFileType = text.xcconfig; name = "Pods-weather.release.xcconfig"; path = "Pods/Target Support Files/Pods-weather/Pods-weather.release.xcconfig"; sourceTree = "<group>"; };
/* End PBXFileReference section */

/* Begin PBXFrameworksBuildPhase section */
		0FD003031DA1968C004880D1 /* Frameworks */ = {
			isa = PBXFrameworksBuildPhase;
			buildActionMask = 2147483647;
			files = (
				52F4399A9EA9FB0ACC194D4A /* Pods_weather.framework in Frameworks */,
			);
			runOnlyForDeploymentPostprocessing = 0;
		};
/* End PBXFrameworksBuildPhase section */

/* Begin PBXGroup section */
		0FB613221DA2DB9A00964E8F /* Extensions */ = {
			isa = PBXGroup;
			children = (
				0FB613231DA2DBE200964E8F /* Realm+Extensions.swift */,
				0FB613281DA2F97A00964E8F /* NSDate+Extensions.swift */,
			);
			name = Extensions;
			sourceTree = "<group>";
		};
		0FB613251DA2DF6200964E8F /* MVVM */ = {
			isa = PBXGroup;
			children = (
				0FB613261DA2DF7F00964E8F /* DataFetcher.swift */,
			);
			name = MVVM;
			sourceTree = "<group>";
		};
		0FD002FD1DA1968C004880D1 = {
			isa = PBXGroup;
			children = (
				0FD003081DA1968C004880D1 /* weather */,
				0FD003071DA1968C004880D1 /* Products */,
				751BCFF960ABDD222E85786C /* Pods */,
				C3C442F54EEBE4C33340A602 /* Frameworks */,
			);
			sourceTree = "<group>";
		};
		0FD003071DA1968C004880D1 /* Products */ = {
			isa = PBXGroup;
			children = (
				0FD003061DA1968C004880D1 /* weather.app */,
			);
			name = Products;
			sourceTree = "<group>";
		};
		0FD003081DA1968C004880D1 /* weather */ = {
			isa = PBXGroup;
			children = (
				0FD0032C1DA1A21B004880D1 /* Code */,
				0FD0031E1DA19CAB004880D1 /* Ressources */,
				0FD0031B1DA19B86004880D1 /* Constants */,
				0FD003101DA1968C004880D1 /* Assets.xcassets */,
				0FD003151DA1968C004880D1 /* Info.plist */,
			);
			path = weather;
			sourceTree = "<group>";
		};
		0FD0031B1DA19B86004880D1 /* Constants */ = {
			isa = PBXGroup;
			children = (
				0FD0031F1DA19CC0004880D1 /* Storyboards.swift */,
				0FD003231DA19E40004880D1 /* L10n.swift */,
				0FD003251DA19EE3004880D1 /* Images.swift */,
				0FD003271DA19F05004880D1 /* Colors.swift */,
			);
			path = Constants;
			sourceTree = "<group>";
		};
		0FD0031E1DA19CAB004880D1 /* Ressources */ = {
			isa = PBXGroup;
			children = (
				0FD003291DA19F47004880D1 /* Colors.txt */,
				0FD003121DA1968C004880D1 /* LaunchScreen.storyboard */,
				0FD003211DA19D71004880D1 /* Localizable.strings */,
			);
			name = Ressources;
			sourceTree = "<group>";
		};
		0FD0032C1DA1A21B004880D1 /* Code */ = {
			isa = PBXGroup;
			children = (
				0FD003361DA1AFBE004880D1 /* AppDelegate.swift */,
				0FD003311DA1AEB1004880D1 /* Models */,
				0FD003441DA1B01E004880D1 /* Services */,
				0FD0032E1DA1A302004880D1 /* Controllers */,
				0FB613251DA2DF6200964E8F /* MVVM */,
				0FB613221DA2DB9A00964E8F /* Extensions */,
			);
			name = Code;
			sourceTree = "<group>";
		};
		0FD0032E1DA1A302004880D1 /* Controllers */ = {
			isa = PBXGroup;
			children = (
				0FD003301DA1A339004880D1 /* Details */,
				0FD0032F1DA1A32D004880D1 /* Home */,
			);
			name = Controllers;
			path = Code/Controllers;
			sourceTree = "<group>";
		};
		0FD0032F1DA1A32D004880D1 /* Home */ = {
			isa = PBXGroup;
			children = (
				0FD003321DA1AF80004880D1 /* Main.storyboard */,
				0FD003331DA1AF80004880D1 /* ViewController.swift */,
			);
			name = Home;
			sourceTree = "<group>";
		};
		0FD003301DA1A339004880D1 /* Details */ = {
			isa = PBXGroup;
			children = (
			);
			name = Details;
			sourceTree = "<group>";
		};
		0FD003311DA1AEB1004880D1 /* Models */ = {
			isa = PBXGroup;
			children = (
				0FD003381DA1AFEC004880D1 /* City.swift */,
				0FD003391DA1AFEC004880D1 /* Forecast.swift */,
				0FD0033A1DA1AFEC004880D1 /* List.swift */,
				0FD0033B1DA1AFEC004880D1 /* Main.swift */,
				0FD0033C1DA1AFEC004880D1 /* Weather.swift */,
				0FD0033D1DA1AFEC004880D1 /* Wind.swift */,
			);
			name = Models;
			sourceTree = "<group>";
		};
		0FD003441DA1B01E004880D1 /* Services */ = {
			isa = PBXGroup;
			children = (
				0FD003451DA1B03C004880D1 /* WeatherServices.swift */,
			);
			name = Services;
			sourceTree = "<group>";
		};
		751BCFF960ABDD222E85786C /* Pods */ = {
			isa = PBXGroup;
			children = (
				2828AD8EE5C15124CAAEE4DC /* Pods-weather.debug.xcconfig */,
				E13FF16CA74B0666503E38B3 /* Pods-weather.release.xcconfig */,
			);
			name = Pods;
			sourceTree = "<group>";
		};
		C3C442F54EEBE4C33340A602 /* Frameworks */ = {
			isa = PBXGroup;
			children = (
				2594B1E8672A46A08FA1DD79 /* Pods_weather.framework */,
			);
			name = Frameworks;
			sourceTree = "<group>";
		};
/* End PBXGroup section */

/* Begin PBXNativeTarget section */
		0FD003051DA1968C004880D1 /* weather */ = {
			isa = PBXNativeTarget;
			buildConfigurationList = 0FD003181DA1968C004880D1 /* Build configuration list for PBXNativeTarget "weather" */;
			buildPhases = (
				14CB311C8365240FBFE3D952 /* 📦 Check Pods Manifest.lock */,
				0FD0032B1DA19FF1004880D1 /* SwiftGen */,
				0FD003021DA1968C004880D1 /* Sources */,
				0FD003031DA1968C004880D1 /* Frameworks */,
				0FD003041DA1968C004880D1 /* Resources */,
				D93B263EE862B45CED333A02 /* 📦 Embed Pods Frameworks */,
				FFE9B9288E77A2E28AE6EC01 /* 📦 Copy Pods Resources */,
			);
			buildRules = (
			);
			dependencies = (
			);
			name = weather;
			productName = weather;
			productReference = 0FD003061DA1968C004880D1 /* weather.app */;
			productType = "com.apple.product-type.application";
		};
/* End PBXNativeTarget section */

/* Begin PBXProject section */
		0FD002FE1DA1968C004880D1 /* Project object */ = {
			isa = PBXProject;
			attributes = {
				LastSwiftUpdateCheck = 0730;
				LastUpgradeCheck = 0730;
				ORGANIZATIONNAME = Thanh;
				TargetAttributes = {
					0FD003051DA1968C004880D1 = {
						CreatedOnToolsVersion = 7.3.1;
					};
				};
			};
			buildConfigurationList = 0FD003011DA1968C004880D1 /* Build configuration list for PBXProject "weather" */;
			compatibilityVersion = "Xcode 3.2";
			developmentRegion = English;
			hasScannedForEncodings = 0;
			knownRegions = (
				en,
				Base,
			);
			mainGroup = 0FD002FD1DA1968C004880D1;
			productRefGroup = 0FD003071DA1968C004880D1 /* Products */;
			projectDirPath = "";
			projectRoot = "";
			targets = (
				0FD003051DA1968C004880D1 /* weather */,
			);
		};
/* End PBXProject section */

/* Begin PBXResourcesBuildPhase section */
		0FD003041DA1968C004880D1 /* Resources */ = {
			isa = PBXResourcesBuildPhase;
			buildActionMask = 2147483647;
			files = (
				0FD003141DA1968C004880D1 /* LaunchScreen.storyboard in Resources */,
				0FD003341DA1AF80004880D1 /* Main.storyboard in Resources */,
				0FD003221DA19D71004880D1 /* Localizable.strings in Resources */,
				0FD003111DA1968C004880D1 /* Assets.xcassets in Resources */,
				0FD0032A1DA19F47004880D1 /* Colors.txt in Resources */,
			);
			runOnlyForDeploymentPostprocessing = 0;
		};
/* End PBXResourcesBuildPhase section */

/* Begin PBXShellScriptBuildPhase section */
		0FD0032B1DA19FF1004880D1 /* SwiftGen */ = {
			isa = PBXShellScriptBuildPhase;
			buildActionMask = 2147483647;
			files = (
			);
			inputPaths = (
			);
			name = SwiftGen;
			outputPaths = (
			);
			runOnlyForDeploymentPostprocessing = 0;
			shellPath = /bin/sh;
			shellScript = "if which $PODS_ROOT/SwiftGen/bin/swiftgen >/dev/null; then\n$PODS_ROOT/SwiftGen/bin/swiftgen storyboards \"$PROJECT_DIR\" --output \"$PROJECT_DIR/weather/Constants/Storyboards.swift\"\n$PODS_ROOT/SwiftGen/bin/swiftgen colors \"$PROJECT_DIR/weather/Ressources/Colors.txt\" --output \"$PROJECT_DIR/weather/Constants/Colors.swift\"\n$PODS_ROOT/SwiftGen/bin/swiftgen images \"$PROJECT_DIR\" --output \"$PROJECT_DIR/weather/Constants/Images.swift\"\n$PODS_ROOT/SwiftGen/bin/swiftgen strings \"$PROJECT_DIR/weather/Ressources/Localizable.strings\" --output \"$PROJECT_DIR/weather/Constants/L10n.swift\"\n\nelse\necho \"warning: SwiftGen not installed, download it from https://github.com/AliSoftware/SwiftGen\"\nfi\n";
		};
		14CB311C8365240FBFE3D952 /* 📦 Check Pods Manifest.lock */ = {
			isa = PBXShellScriptBuildPhase;
			buildActionMask = 2147483647;
			files = (
			);
			inputPaths = (
			);
			name = "📦 Check Pods Manifest.lock";
			outputPaths = (
			);
			runOnlyForDeploymentPostprocessing = 0;
			shellPath = /bin/sh;
			shellScript = "diff \"${PODS_ROOT}/../Podfile.lock\" \"${PODS_ROOT}/Manifest.lock\" > /dev/null\nif [[ $? != 0 ]] ; then\n    cat << EOM\nerror: The sandbox is not in sync with the Podfile.lock. Run 'pod install' or update your CocoaPods installation.\nEOM\n    exit 1\nfi\n";
			showEnvVarsInLog = 0;
		};
		D93B263EE862B45CED333A02 /* 📦 Embed Pods Frameworks */ = {
			isa = PBXShellScriptBuildPhase;
			buildActionMask = 2147483647;
			files = (
			);
			inputPaths = (
			);
			name = "📦 Embed Pods Frameworks";
			outputPaths = (
			);
			runOnlyForDeploymentPostprocessing = 0;
			shellPath = /bin/sh;
			shellScript = "\"${SRCROOT}/Pods/Target Support Files/Pods-weather/Pods-weather-frameworks.sh\"\n";
			showEnvVarsInLog = 0;
		};
		FFE9B9288E77A2E28AE6EC01 /* 📦 Copy Pods Resources */ = {
			isa = PBXShellScriptBuildPhase;
			buildActionMask = 2147483647;
			files = (
			);
			inputPaths = (
			);
			name = "📦 Copy Pods Resources";
			outputPaths = (
			);
			runOnlyForDeploymentPostprocessing = 0;
			shellPath = /bin/sh;
			shellScript = "\"${SRCROOT}/Pods/Target Support Files/Pods-weather/Pods-weather-resources.sh\"\n";
			showEnvVarsInLog = 0;
		};
/* End PBXShellScriptBuildPhase section */

/* Begin PBXSourcesBuildPhase section */
		0FD003021DA1968C004880D1 /* Sources */ = {
			isa = PBXSourcesBuildPhase;
			buildActionMask = 2147483647;
			files = (
				0FB613271DA2DF7F00964E8F /* DataFetcher.swift in Sources */,
				0FD003411DA1AFEC004880D1 /* Main.swift in Sources */,
				0FD0033F1DA1AFEC004880D1 /* Forecast.swift in Sources */,
				0FD003371DA1AFBE004880D1 /* AppDelegate.swift in Sources */,
				0FD003421DA1AFEC004880D1 /* Weather.swift in Sources */,
				0FD003351DA1AF80004880D1 /* ViewController.swift in Sources */,
				0FD003241DA19E40004880D1 /* L10n.swift in Sources */,
				0FD003281DA19F05004880D1 /* Colors.swift in Sources */,
				0FD003201DA19CC0004880D1 /* Storyboards.swift in Sources */,
				0FD003261DA19EE3004880D1 /* Images.swift in Sources */,
				0FD0033E1DA1AFEC004880D1 /* City.swift in Sources */,
				0FD003461DA1B03C004880D1 /* WeatherServices.swift in Sources */,
				0FB613291DA2F97A00964E8F /* NSDate+Extensions.swift in Sources */,
				0FB613241DA2DBE200964E8F /* Realm+Extensions.swift in Sources */,
				0FD003401DA1AFEC004880D1 /* List.swift in Sources */,
				0FD003431DA1AFEC004880D1 /* Wind.swift in Sources */,
			);
			runOnlyForDeploymentPostprocessing = 0;
		};
/* End PBXSourcesBuildPhase section */

/* Begin PBXVariantGroup section */
		0FD003121DA1968C004880D1 /* LaunchScreen.storyboard */ = {
			isa = PBXVariantGroup;
			children = (
				0FD003131DA1968C004880D1 /* Base */,
			);
			name = LaunchScreen.storyboard;
			sourceTree = "<group>";
		};
/* End PBXVariantGroup section */

/* Begin XCBuildConfiguration section */
		0FD003161DA1968C004880D1 /* Debug */ = {
			isa = XCBuildConfiguration;
			buildSettings = {
				ALWAYS_SEARCH_USER_PATHS = NO;
				CLANG_ANALYZER_NONNULL = YES;
				CLANG_CXX_LANGUAGE_STANDARD = "gnu++0x";
				CLANG_CXX_LIBRARY = "libc++";
				CLANG_ENABLE_MODULES = YES;
				CLANG_ENABLE_OBJC_ARC = YES;
				CLANG_WARN_BOOL_CONVERSION = YES;
				CLANG_WARN_CONSTANT_CONVERSION = YES;
				CLANG_WARN_DIRECT_OBJC_ISA_USAGE = YES_ERROR;
				CLANG_WARN_EMPTY_BODY = YES;
				CLANG_WARN_ENUM_CONVERSION = YES;
				CLANG_WARN_INT_CONVERSION = YES;
				CLANG_WARN_OBJC_ROOT_CLASS = YES_ERROR;
				CLANG_WARN_UNREACHABLE_CODE = YES;
				CLANG_WARN__DUPLICATE_METHOD_MATCH = YES;
				"CODE_SIGN_IDENTITY[sdk=iphoneos*]" = "iPhone Developer";
				COPY_PHASE_STRIP = NO;
				DEBUG_INFORMATION_FORMAT = dwarf;
				ENABLE_STRICT_OBJC_MSGSEND = YES;
				ENABLE_TESTABILITY = YES;
				GCC_C_LANGUAGE_STANDARD = gnu99;
				GCC_DYNAMIC_NO_PIC = NO;
				GCC_NO_COMMON_BLOCKS = YES;
				GCC_OPTIMIZATION_LEVEL = 0;
				GCC_PREPROCESSOR_DEFINITIONS = (
					"DEBUG=1",
					"$(inherited)",
				);
				GCC_WARN_64_TO_32_BIT_CONVERSION = YES;
				GCC_WARN_ABOUT_RETURN_TYPE = YES_ERROR;
				GCC_WARN_UNDECLARED_SELECTOR = YES;
				GCC_WARN_UNINITIALIZED_AUTOS = YES_AGGRESSIVE;
				GCC_WARN_UNUSED_FUNCTION = YES;
				GCC_WARN_UNUSED_VARIABLE = YES;
				IPHONEOS_DEPLOYMENT_TARGET = 9.3;
				MTL_ENABLE_DEBUG_INFO = YES;
				ONLY_ACTIVE_ARCH = YES;
				SDKROOT = iphoneos;
				SWIFT_OPTIMIZATION_LEVEL = "-Onone";
				TARGETED_DEVICE_FAMILY = "1,2";
			};
			name = Debug;
		};
		0FD003171DA1968C004880D1 /* Release */ = {
			isa = XCBuildConfiguration;
			buildSettings = {
				ALWAYS_SEARCH_USER_PATHS = NO;
				CLANG_ANALYZER_NONNULL = YES;
				CLANG_CXX_LANGUAGE_STANDARD = "gnu++0x";
				CLANG_CXX_LIBRARY = "libc++";
				CLANG_ENABLE_MODULES = YES;
				CLANG_ENABLE_OBJC_ARC = YES;
				CLANG_WARN_BOOL_CONVERSION = YES;
				CLANG_WARN_CONSTANT_CONVERSION = YES;
				CLANG_WARN_DIRECT_OBJC_ISA_USAGE = YES_ERROR;
				CLANG_WARN_EMPTY_BODY = YES;
				CLANG_WARN_ENUM_CONVERSION = YES;
				CLANG_WARN_INT_CONVERSION = YES;
				CLANG_WARN_OBJC_ROOT_CLASS = YES_ERROR;
				CLANG_WARN_UNREACHABLE_CODE = YES;
				CLANG_WARN__DUPLICATE_METHOD_MATCH = YES;
				"CODE_SIGN_IDENTITY[sdk=iphoneos*]" = "iPhone Developer";
				COPY_PHASE_STRIP = NO;
				DEBUG_INFORMATION_FORMAT = "dwarf-with-dsym";
				ENABLE_NS_ASSERTIONS = NO;
				ENABLE_STRICT_OBJC_MSGSEND = YES;
				GCC_C_LANGUAGE_STANDARD = gnu99;
				GCC_NO_COMMON_BLOCKS = YES;
				GCC_WARN_64_TO_32_BIT_CONVERSION = YES;
				GCC_WARN_ABOUT_RETURN_TYPE = YES_ERROR;
				GCC_WARN_UNDECLARED_SELECTOR = YES;
				GCC_WARN_UNINITIALIZED_AUTOS = YES_AGGRESSIVE;
				GCC_WARN_UNUSED_FUNCTION = YES;
				GCC_WARN_UNUSED_VARIABLE = YES;
				IPHONEOS_DEPLOYMENT_TARGET = 9.3;
				MTL_ENABLE_DEBUG_INFO = NO;
				SDKROOT = iphoneos;
				TARGETED_DEVICE_FAMILY = "1,2";
				VALIDATE_PRODUCT = YES;
			};
			name = Release;
		};
		0FD003191DA1968C004880D1 /* Debug */ = {
			isa = XCBuildConfiguration;
			baseConfigurationReference = 2828AD8EE5C15124CAAEE4DC /* Pods-weather.debug.xcconfig */;
			buildSettings = {
				ASSETCATALOG_COMPILER_APPICON_NAME = AppIcon;
				INFOPLIST_FILE = weather/Info.plist;
				LD_RUNPATH_SEARCH_PATHS = "$(inherited) @executable_path/Frameworks";
				PRODUCT_BUNDLE_IDENTIFIER = com.thanh.weather;
				PRODUCT_NAME = "$(TARGET_NAME)";
			};
			name = Debug;
		};
		0FD0031A1DA1968C004880D1 /* Release */ = {
			isa = XCBuildConfiguration;
			baseConfigurationReference = E13FF16CA74B0666503E38B3 /* Pods-weather.release.xcconfig */;
			buildSettings = {
				ASSETCATALOG_COMPILER_APPICON_NAME = AppIcon;
				INFOPLIST_FILE = weather/Info.plist;
				LD_RUNPATH_SEARCH_PATHS = "$(inherited) @executable_path/Frameworks";
				PRODUCT_BUNDLE_IDENTIFIER = com.thanh.weather;
				PRODUCT_NAME = "$(TARGET_NAME)";
			};
			name = Release;
		};
/* End XCBuildConfiguration section */

/* Begin XCConfigurationList section */
		0FD003011DA1968C004880D1 /* Build configuration list for PBXProject "weather" */ = {
			isa = XCConfigurationList;
			buildConfigurations = (
				0FD003161DA1968C004880D1 /* Debug */,
				0FD003171DA1968C004880D1 /* Release */,
			);
			defaultConfigurationIsVisible = 0;
			defaultConfigurationName = Release;
		};
		0FD003181DA1968C004880D1 /* Build configuration list for PBXNativeTarget "weather" */ = {
			isa = XCConfigurationList;
			buildConfigurations = (
				0FD003191DA1968C004880D1 /* Debug */,
				0FD0031A1DA1968C004880D1 /* Release */,
			);
			defaultConfigurationIsVisible = 0;
			defaultConfigurationName = Release;
		};
/* End XCConfigurationList section */
	};
	rootObject = 0FD002FE1DA1968C004880D1 /* Project object */;
}
